// !$*UTF8*$!
{
	archiveVersion = 1;
	classes = {
	};
	objectVersion = 50;
	objects = {

/* Begin PBXBuildFile section */
		681F8AB625A3517C0001B874 /* main.cpp in Sources */ = {isa = PBXBuildFile; fileRef = 681F8AB525A3517C0001B874 /* main.cpp */; };
		681F8AC325A353060001B874 /* AddTwoNumbers.cpp in Sources */ = {isa = PBXBuildFile; fileRef = 681F8AC125A353060001B874 /* AddTwoNumbers.cpp */; };
		681F8ACF25A35A840001B874 /* IntegerToRoman.cpp in Sources */ = {isa = PBXBuildFile; fileRef = 681F8ACD25A35A840001B874 /* IntegerToRoman.cpp */; };
		681F8AD325A35BBB0001B874 /* BinaryToInt.cpp in Sources */ = {isa = PBXBuildFile; fileRef = 681F8AD125A35BBB0001B874 /* BinaryToInt.cpp */; };
		682F52CC2610BC69006910C0 /* RemoveNthNode.cpp in Sources */ = {isa = PBXBuildFile; fileRef = 682F52CA2610BC69006910C0 /* RemoveNthNode.cpp */; };
		682F52D32610C069006910C0 /* SwappingNodes.cpp in Sources */ = {isa = PBXBuildFile; fileRef = 682F52D12610C069006910C0 /* SwappingNodes.cpp */; };
		686B244725A56E78004A1A4F /* RomanToInteger.cpp in Sources */ = {isa = PBXBuildFile; fileRef = 686B244525A56E78004A1A4F /* RomanToInteger.cpp */; };
		686B244B25A775C2004A1A4F /* SearchInsertPosition.cpp in Sources */ = {isa = PBXBuildFile; fileRef = 686B244925A775C2004A1A4F /* SearchInsertPosition.cpp */; };
/* End PBXBuildFile section */

/* Begin PBXCopyFilesBuildPhase section */
		681F8AB025A3517C0001B874 /* CopyFiles */ = {
			isa = PBXCopyFilesBuildPhase;
			buildActionMask = 2147483647;
			dstPath = /usr/share/man/man1/;
			dstSubfolderSpec = 0;
			files = (
			);
			runOnlyForDeploymentPostprocessing = 1;
		};
/* End PBXCopyFilesBuildPhase section */

/* Begin PBXFileReference section */
		681F8AB225A3517C0001B874 /* CPPproblems */ = {isa = PBXFileReference; explicitFileType = "compiled.mach-o.executable"; includeInIndex = 0; path = CPPproblems; sourceTree = BUILT_PRODUCTS_DIR; };
		681F8AB525A3517C0001B874 /* main.cpp */ = {isa = PBXFileReference; lastKnownFileType = sourcecode.cpp.cpp; path = main.cpp; sourceTree = "<group>"; };
		681F8AC125A353060001B874 /* AddTwoNumbers.cpp */ = {isa = PBXFileReference; lastKnownFileType = sourcecode.cpp.cpp; path = AddTwoNumbers.cpp; sourceTree = "<group>"; };
		681F8AC225A353060001B874 /* AddTwoNumbers.hpp */ = {isa = PBXFileReference; lastKnownFileType = sourcecode.cpp.h; path = AddTwoNumbers.hpp; sourceTree = "<group>"; };
		681F8ACD25A35A840001B874 /* IntegerToRoman.cpp */ = {isa = PBXFileReference; lastKnownFileType = sourcecode.cpp.cpp; path = IntegerToRoman.cpp; sourceTree = "<group>"; };
		681F8ACE25A35A840001B874 /* IntegerToRoman.hpp */ = {isa = PBXFileReference; lastKnownFileType = sourcecode.cpp.h; path = IntegerToRoman.hpp; sourceTree = "<group>"; };
		681F8AD125A35BBB0001B874 /* BinaryToInt.cpp */ = {isa = PBXFileReference; lastKnownFileType = sourcecode.cpp.cpp; path = BinaryToInt.cpp; sourceTree = "<group>"; };
		681F8AD225A35BBB0001B874 /* BinaryToInt.hpp */ = {isa = PBXFileReference; lastKnownFileType = sourcecode.cpp.h; path = BinaryToInt.hpp; sourceTree = "<group>"; };
		682F52CA2610BC69006910C0 /* RemoveNthNode.cpp */ = {isa = PBXFileReference; lastKnownFileType = sourcecode.cpp.cpp; path = RemoveNthNode.cpp; sourceTree = "<group>"; };
		682F52CB2610BC69006910C0 /* RemoveNthNode.hpp */ = {isa = PBXFileReference; lastKnownFileType = sourcecode.cpp.h; path = RemoveNthNode.hpp; sourceTree = "<group>"; };
		682F52D12610C069006910C0 /* SwappingNodes.cpp */ = {isa = PBXFileReference; lastKnownFileType = sourcecode.cpp.cpp; path = SwappingNodes.cpp; sourceTree = "<group>"; };
		682F52D22610C069006910C0 /* SwappingNodes.hpp */ = {isa = PBXFileReference; lastKnownFileType = sourcecode.cpp.h; path = SwappingNodes.hpp; sourceTree = "<group>"; };
		686B244525A56E78004A1A4F /* RomanToInteger.cpp */ = {isa = PBXFileReference; lastKnownFileType = sourcecode.cpp.cpp; path = RomanToInteger.cpp; sourceTree = "<group>"; };
		686B244625A56E78004A1A4F /* RomanToInteger.hpp */ = {isa = PBXFileReference; lastKnownFileType = sourcecode.cpp.h; path = RomanToInteger.hpp; sourceTree = "<group>"; };
		686B244925A775C2004A1A4F /* SearchInsertPosition.cpp */ = {isa = PBXFileReference; lastKnownFileType = sourcecode.cpp.cpp; path = SearchInsertPosition.cpp; sourceTree = "<group>"; };
		686B244A25A775C2004A1A4F /* SearchInsertPosition.hpp */ = {isa = PBXFileReference; lastKnownFileType = sourcecode.cpp.h; path = SearchInsertPosition.hpp; sourceTree = "<group>"; };
/* End PBXFileReference section */

/* Begin PBXFrameworksBuildPhase section */
		681F8AAF25A3517C0001B874 /* Frameworks */ = {
			isa = PBXFrameworksBuildPhase;
			buildActionMask = 2147483647;
			files = (
			);
			runOnlyForDeploymentPostprocessing = 0;
		};
/* End PBXFrameworksBuildPhase section */

/* Begin PBXGroup section */
		681F8AA925A3517C0001B874 = {
			isa = PBXGroup;
			children = (
				681F8AB425A3517C0001B874 /* CPPproblems */,
				681F8AB325A3517C0001B874 /* Products */,
			);
			sourceTree = "<group>";
		};
		681F8AB325A3517C0001B874 /* Products */ = {
			isa = PBXGroup;
			children = (
				681F8AB225A3517C0001B874 /* CPPproblems */,
			);
			name = Products;
			sourceTree = "<group>";
		};
		681F8AB425A3517C0001B874 /* CPPproblems */ = {
			isa = PBXGroup;
			children = (
				681F8AB525A3517C0001B874 /* main.cpp */,
				682F52D12610C069006910C0 /* SwappingNodes.cpp */,
				682F52D22610C069006910C0 /* SwappingNodes.hpp */,
				682F52CA2610BC69006910C0 /* RemoveNthNode.cpp */,
				682F52CB2610BC69006910C0 /* RemoveNthNode.hpp */,
				681F8AC125A353060001B874 /* AddTwoNumbers.cpp */,
				681F8AC225A353060001B874 /* AddTwoNumbers.hpp */,
				681F8ACD25A35A840001B874 /* IntegerToRoman.cpp */,
				681F8ACE25A35A840001B874 /* IntegerToRoman.hpp */,
				681F8AD125A35BBB0001B874 /* BinaryToInt.cpp */,
				681F8AD225A35BBB0001B874 /* BinaryToInt.hpp */,
				686B244525A56E78004A1A4F /* RomanToInteger.cpp */,
				686B244625A56E78004A1A4F /* RomanToInteger.hpp */,
				686B244925A775C2004A1A4F /* SearchInsertPosition.cpp */,
				686B244A25A775C2004A1A4F /* SearchInsertPosition.hpp */,
			);
			path = CPPproblems;
			sourceTree = "<group>";
		};
/* End PBXGroup section */

/* Begin PBXNativeTarget section */
		681F8AB125A3517C0001B874 /* CPPproblems */ = {
			isa = PBXNativeTarget;
			buildConfigurationList = 681F8AB925A3517C0001B874 /* Build configuration list for PBXNativeTarget "CPPproblems" */;
			buildPhases = (
				681F8AAE25A3517C0001B874 /* Sources */,
				681F8AAF25A3517C0001B874 /* Frameworks */,
				681F8AB025A3517C0001B874 /* CopyFiles */,
			);
			buildRules = (
			);
			dependencies = (
			);
			name = CPPproblems;
			productName = CPPproblems;
			productReference = 681F8AB225A3517C0001B874 /* CPPproblems */;
			productType = "com.apple.product-type.tool";
		};
/* End PBXNativeTarget section */

/* Begin PBXProject section */
		681F8AAA25A3517C0001B874 /* Project object */ = {
			isa = PBXProject;
			attributes = {
				LastUpgradeCheck = 1230;
				TargetAttributes = {
					681F8AB125A3517C0001B874 = {
						CreatedOnToolsVersion = 12.3;
					};
				};
			};
			buildConfigurationList = 681F8AAD25A3517C0001B874 /* Build configuration list for PBXProject "CPPproblems" */;
			compatibilityVersion = "Xcode 9.3";
			developmentRegion = en;
			hasScannedForEncodings = 0;
			knownRegions = (
				en,
				Base,
			);
			mainGroup = 681F8AA925A3517C0001B874;
			productRefGroup = 681F8AB325A3517C0001B874 /* Products */;
			projectDirPath = "";
			projectRoot = "";
			targets = (
				681F8AB125A3517C0001B874 /* CPPproblems */,
			);
		};
/* End PBXProject section */

/* Begin PBXSourcesBuildPhase section */
		681F8AAE25A3517C0001B874 /* Sources */ = {
			isa = PBXSourcesBuildPhase;
			buildActionMask = 2147483647;
			files = (
				682F52CC2610BC69006910C0 /* RemoveNthNode.cpp in Sources */,
				681F8AC325A353060001B874 /* AddTwoNumbers.cpp in Sources */,
				686B244B25A775C2004A1A4F /* SearchInsertPosition.cpp in Sources */,
				686B244725A56E78004A1A4F /* RomanToInteger.cpp in Sources */,
				682F52D32610C069006910C0 /* SwappingNodes.cpp in Sources */,
				681F8AD325A35BBB0001B874 /* BinaryToInt.cpp in Sources */,
				681F8ACF25A35A840001B874 /* IntegerToRoman.cpp in Sources */,
				681F8AB625A3517C0001B874 /* main.cpp in Sources */,
			);
			runOnlyForDeploymentPostprocessing = 0;
		};
/* End PBXSourcesBuildPhase section */

/* Begin XCBuildConfiguration section */
		681F8AB725A3517C0001B874 /* Debug */ = {
			isa = XCBuildConfiguration;
			buildSettings = {
				ALWAYS_SEARCH_USER_PATHS = NO;
				CLANG_ANALYZER_NONNULL = YES;
				CLANG_ANALYZER_NUMBER_OBJECT_CONVERSION = YES_AGGRESSIVE;
				CLANG_CXX_LANGUAGE_STANDARD = "gnu++14";
				CLANG_CXX_LIBRARY = "libc++";
				CLANG_ENABLE_MODULES = YES;
				CLANG_ENABLE_OBJC_ARC = YES;
				CLANG_ENABLE_OBJC_WEAK = YES;
				CLANG_WARN_BLOCK_CAPTURE_AUTORELEASING = YES;
				CLANG_WARN_BOOL_CONVERSION = YES;
				CLANG_WARN_COMMA = YES;
				CLANG_WARN_CONSTANT_CONVERSION = YES;
				CLANG_WARN_DEPRECATED_OBJC_IMPLEMENTATIONS = YES;
				CLANG_WARN_DIRECT_OBJC_ISA_USAGE = YES_ERROR;
				CLANG_WARN_DOCUMENTATION_COMMENTS = YES;
				CLANG_WARN_EMPTY_BODY = YES;
				CLANG_WARN_ENUM_CONVERSION = YES;
				CLANG_WARN_INFINITE_RECURSION = YES;
				CLANG_WARN_INT_CONVERSION = YES;
				CLANG_WARN_NON_LITERAL_NULL_CONVERSION = YES;
				CLANG_WARN_OBJC_IMPLICIT_RETAIN_SELF = YES;
				CLANG_WARN_OBJC_LITERAL_CONVERSION = YES;
				CLANG_WARN_OBJC_ROOT_CLASS = YES_ERROR;
				CLANG_WARN_QUOTED_INCLUDE_IN_FRAMEWORK_HEADER = YES;
				CLANG_WARN_RANGE_LOOP_ANALYSIS = YES;
				CLANG_WARN_STRICT_PROTOTYPES = YES;
				CLANG_WARN_SUSPICIOUS_MOVE = YES;
				CLANG_WARN_UNGUARDED_AVAILABILITY = YES_AGGRESSIVE;
				CLANG_WARN_UNREACHABLE_CODE = YES;
				CLANG_WARN__DUPLICATE_METHOD_MATCH = YES;
				COPY_PHASE_STRIP = NO;
				DEBUG_INFORMATION_FORMAT = dwarf;
				ENABLE_STRICT_OBJC_MSGSEND = YES;
				ENABLE_TESTABILITY = YES;
				GCC_C_LANGUAGE_STANDARD = gnu11;
				GCC_DYNAMIC_NO_PIC = NO;
				GCC_NO_COMMON_BLOCKS = YES;
				GCC_OPTIMIZATION_LEVEL = 0;
				GCC_PREPROCESSOR_DEFINITIONS = (
					"DEBUG=1",
					"$(inherited)",
				);
				GCC_WARN_64_TO_32_BIT_CONVERSION = YES;
				GCC_WARN_ABOUT_RETURN_TYPE = YES_ERROR;
				GCC_WARN_UNDECLARED_SELECTOR = YES;
				GCC_WARN_UNINITIALIZED_AUTOS = YES_AGGRESSIVE;
				GCC_WARN_UNUSED_FUNCTION = YES;
				GCC_WARN_UNUSED_VARIABLE = YES;
				MACOSX_DEPLOYMENT_TARGET = 11.1;
				MTL_ENABLE_DEBUG_INFO = INCLUDE_SOURCE;
				MTL_FAST_MATH = YES;
				ONLY_ACTIVE_ARCH = YES;
				SDKROOT = macosx;
			};
			name = Debug;
		};
		681F8AB825A3517C0001B874 /* Release */ = {
			isa = XCBuildConfiguration;
			buildSettings = {
				ALWAYS_SEARCH_USER_PATHS = NO;
				CLANG_ANALYZER_NONNULL = YES;
				CLANG_ANALYZER_NUMBER_OBJECT_CONVERSION = YES_AGGRESSIVE;
				CLANG_CXX_LANGUAGE_STANDARD = "gnu++14";
				CLANG_CXX_LIBRARY = "libc++";
				CLANG_ENABLE_MODULES = YES;
				CLANG_ENABLE_OBJC_ARC = YES;
				CLANG_ENABLE_OBJC_WEAK = YES;
				CLANG_WARN_BLOCK_CAPTURE_AUTORELEASING = YES;
				CLANG_WARN_BOOL_CONVERSION = YES;
				CLANG_WARN_COMMA = YES;
				CLANG_WARN_CONSTANT_CONVERSION = YES;
				CLANG_WARN_DEPRECATED_OBJC_IMPLEMENTATIONS = YES;
				CLANG_WARN_DIRECT_OBJC_ISA_USAGE = YES_ERROR;
				CLANG_WARN_DOCUMENTATION_COMMENTS = YES;
				CLANG_WARN_EMPTY_BODY = YES;
				CLANG_WARN_ENUM_CONVERSION = YES;
				CLANG_WARN_INFINITE_RECURSION = YES;
				CLANG_WARN_INT_CONVERSION = YES;
				CLANG_WARN_NON_LITERAL_NULL_CONVERSION = YES;
				CLANG_WARN_OBJC_IMPLICIT_RETAIN_SELF = YES;
				CLANG_WARN_OBJC_LITERAL_CONVERSION = YES;
				CLANG_WARN_OBJC_ROOT_CLASS = YES_ERROR;
				CLANG_WARN_QUOTED_INCLUDE_IN_FRAMEWORK_HEADER = YES;
				CLANG_WARN_RANGE_LOOP_ANALYSIS = YES;
				CLANG_WARN_STRICT_PROTOTYPES = YES;
				CLANG_WARN_SUSPICIOUS_MOVE = YES;
				CLANG_WARN_UNGUARDED_AVAILABILITY = YES_AGGRESSIVE;
				CLANG_WARN_UNREACHABLE_CODE = YES;
				CLANG_WARN__DUPLICATE_METHOD_MATCH = YES;
				COPY_PHASE_STRIP = NO;
				DEBUG_INFORMATION_FORMAT = "dwarf-with-dsym";
				ENABLE_NS_ASSERTIONS = NO;
				ENABLE_STRICT_OBJC_MSGSEND = YES;
				GCC_C_LANGUAGE_STANDARD = gnu11;
				GCC_NO_COMMON_BLOCKS = YES;
				GCC_WARN_64_TO_32_BIT_CONVERSION = YES;
				GCC_WARN_ABOUT_RETURN_TYPE = YES_ERROR;
				GCC_WARN_UNDECLARED_SELECTOR = YES;
				GCC_WARN_UNINITIALIZED_AUTOS = YES_AGGRESSIVE;
				GCC_WARN_UNUSED_FUNCTION = YES;
				GCC_WARN_UNUSED_VARIABLE = YES;
				MACOSX_DEPLOYMENT_TARGET = 11.1;
				MTL_ENABLE_DEBUG_INFO = NO;
				MTL_FAST_MATH = YES;
				SDKROOT = macosx;
			};
			name = Release;
		};
		681F8ABA25A3517C0001B874 /* Debug */ = {
			isa = XCBuildConfiguration;
			buildSettings = {
				CODE_SIGN_STYLE = Automatic;
				DEVELOPMENT_TEAM = 99XSL3B46C;
				ENABLE_HARDENED_RUNTIME = YES;
				PRODUCT_NAME = "$(TARGET_NAME)";
			};
			name = Debug;
		};
		681F8ABB25A3517C0001B874 /* Release */ = {
			isa = XCBuildConfiguration;
			buildSettings = {
				CODE_SIGN_STYLE = Automatic;
				DEVELOPMENT_TEAM = 99XSL3B46C;
				ENABLE_HARDENED_RUNTIME = YES;
				PRODUCT_NAME = "$(TARGET_NAME)";
			};
			name = Release;
		};
/* End XCBuildConfiguration section */

/* Begin XCConfigurationList section */
		681F8AAD25A3517C0001B874 /* Build configuration list for PBXProject "CPPproblems" */ = {
			isa = XCConfigurationList;
			buildConfigurations = (
				681F8AB725A3517C0001B874 /* Debug */,
				681F8AB825A3517C0001B874 /* Release */,
			);
			defaultConfigurationIsVisible = 0;
			defaultConfigurationName = Release;
		};
		681F8AB925A3517C0001B874 /* Build configuration list for PBXNativeTarget "CPPproblems" */ = {
			isa = XCConfigurationList;
			buildConfigurations = (
				681F8ABA25A3517C0001B874 /* Debug */,
				681F8ABB25A3517C0001B874 /* Release */,
			);
			defaultConfigurationIsVisible = 0;
			defaultConfigurationName = Release;
		};
/* End XCConfigurationList section */
	};
	rootObject = 681F8AAA25A3517C0001B874 /* Project object */;
}
